
Microsoft Visual Studio Solution File, Format Version 12.00
# Visual Studio Version 17
VisualStudioVersion = 17.10.35013.160
MinimumVisualStudioVersion = 10.0.40219.1
Project("{FAE04EC0-301F-11D3-BF4B-00C04F79EFBC}") = "NWEC.P.L001", "NWEC.P.L001\NWEC.P.L001.csproj", "{0DBB7C7B-9B74-451B-960F-4C2A9B2FA9FC}"
EndProject
Global
	GlobalSection(SolutionConfigurationPlatforms) = preSolution
		Debug|Any CPU = Debug|Any CPU
		Release|Any CPU = Release|Any CPU
	EndGlobalSection
	GlobalSection(ProjectConfigurationPlatforms) = postSolution
		{0DBB7C7B-9B74-451B-960F-4C2A9B2FA9FC}.Debug|Any CPU.ActiveCfg = Debug|Any CPU
		{0DBB7C7B-9B74-451B-960F-4C2A9B2FA9FC}.Debug|Any CPU.Build.0 = Debug|Any CPU
		{0DBB7C7B-9B74-451B-960F-4C2A9B2FA9FC}.Release|Any CPU.ActiveCfg = Release|Any CPU
		{0DBB7C7B-9B74-451B-960F-4C2A9B2FA9FC}.Release|Any CPU.Build.0 = Release|Any CPU
	EndGlobalSection
	GlobalSection(SolutionProperties) = preSolution
		HideSolutionNode = FALSE
	EndGlobalSection
	GlobalSection(ExtensibilityGlobals) = postSolution
		SolutionGuid = {E70293AE-8D3C-449D-A5DF-A10575C6B02B}
	EndGlobalSection
EndGlobal
